// !$*UTF8*$!
{
	archiveVersion = 1;
	classes = {
	};
	objectVersion = 55;
	objects = {

/* Begin PBXBuildFile section */
		81A5BB122765F41300D06817 /* AppDelegate.m in Sources */ = {isa = PBXBuildFile; fileRef = 81A5BB112765F41300D06817 /* AppDelegate.m */; };
		81A5BB152765F41300D06817 /* SceneDelegate.m in Sources */ = {isa = PBXBuildFile; fileRef = 81A5BB142765F41300D06817 /* SceneDelegate.m */; };
		81A5BB182765F41300D06817 /* ViewController.m in Sources */ = {isa = PBXBuildFile; fileRef = 81A5BB172765F41300D06817 /* ViewController.m */; };
		81A5BB1B2765F41300D06817 /* Main.storyboard in Resources */ = {isa = PBXBuildFile; fileRef = 81A5BB192765F41300D06817 /* Main.storyboard */; };
		81A5BB1D2765F41300D06817 /* Assets.xcassets in Resources */ = {isa = PBXBuildFile; fileRef = 81A5BB1C2765F41300D06817 /* Assets.xcassets */; };
		81A5BB202765F41300D06817 /* LaunchScreen.storyboard in Resources */ = {isa = PBXBuildFile; fileRef = 81A5BB1E2765F41300D06817 /* LaunchScreen.storyboard */; };
		81A5BB232765F41300D06817 /* main.m in Sources */ = {isa = PBXBuildFile; fileRef = 81A5BB222765F41300D06817 /* main.m */; };
		81A5BB2D2765F41300D06817 /* NativeDemoTests.m in Sources */ = {isa = PBXBuildFile; fileRef = 81A5BB2C2765F41300D06817 /* NativeDemoTests.m */; };
		81A5BB372765F41300D06817 /* NativeDemoUITests.m in Sources */ = {isa = PBXBuildFile; fileRef = 81A5BB362765F41300D06817 /* NativeDemoUITests.m */; };
		81A5BB392765F41300D06817 /* NativeDemoUITestsLaunchTests.m in Sources */ = {isa = PBXBuildFile; fileRef = 81A5BB382765F41300D06817 /* NativeDemoUITestsLaunchTests.m */; };
/* End PBXBuildFile section */

/* Begin PBXContainerItemProxy section */
		81A5BB292765F41300D06817 /* PBXContainerItemProxy */ = {
			isa = PBXContainerItemProxy;
			containerPortal = 81A5BB052765F41300D06817 /* Project object */;
			proxyType = 1;
			remoteGlobalIDString = 81A5BB0C2765F41300D06817;
			remoteInfo = NativeDemo;
		};
		81A5BB332765F41300D06817 /* PBXContainerItemProxy */ = {
			isa = PBXContainerItemProxy;
			containerPortal = 81A5BB052765F41300D06817 /* Project object */;
			proxyType = 1;
			remoteGlobalIDString = 81A5BB0C2765F41300D06817;
			remoteInfo = NativeDemo;
		};
/* End PBXContainerItemProxy section */

/* Begin PBXFileReference section */
		81A5BB0D2765F41300D06817 /* NativeDemo.app */ = {isa = PBXFileReference; explicitFileType = wrapper.application; includeInIndex = 0; path = NativeDemo.app; sourceTree = BUILT_PRODUCTS_DIR; };
		81A5BB102765F41300D06817 /* AppDelegate.h */ = {isa = PBXFileReference; lastKnownFileType = sourcecode.c.h; path = AppDelegate.h; sourceTree = "<group>"; };
		81A5BB112765F41300D06817 /* AppDelegate.m */ = {isa = PBXFileReference; lastKnownFileType = sourcecode.c.objc; path = AppDelegate.m; sourceTree = "<group>"; };
		81A5BB132765F41300D06817 /* SceneDelegate.h */ = {isa = PBXFileReference; lastKnownFileType = sourcecode.c.h; path = SceneDelegate.h; sourceTree = "<group>"; };
		81A5BB142765F41300D06817 /* SceneDelegate.m */ = {isa = PBXFileReference; lastKnownFileType = sourcecode.c.objc; path = SceneDelegate.m; sourceTree = "<group>"; };
		81A5BB162765F41300D06817 /* ViewController.h */ = {isa = PBXFileReference; lastKnownFileType = sourcecode.c.h; path = ViewController.h; sourceTree = "<group>"; };
		81A5BB172765F41300D06817 /* ViewController.m */ = {isa = PBXFileReference; lastKnownFileType = sourcecode.c.objc; path = ViewController.m; sourceTree = "<group>"; };
		81A5BB1A2765F41300D06817 /* Base */ = {isa = PBXFileReference; lastKnownFileType = file.storyboard; name = Base; path = Base.lproj/Main.storyboard; sourceTree = "<group>"; };
		81A5BB1C2765F41300D06817 /* Assets.xcassets */ = {isa = PBXFileReference; lastKnownFileType = folder.assetcatalog; path = Assets.xcassets; sourceTree = "<group>"; };
		81A5BB1F2765F41300D06817 /* Base */ = {isa = PBXFileReference; lastKnownFileType = file.storyboard; name = Base; path = Base.lproj/LaunchScreen.storyboard; sourceTree = "<group>"; };
		81A5BB212765F41300D06817 /* Info.plist */ = {isa = PBXFileReference; lastKnownFileType = text.plist.xml; path = Info.plist; sourceTree = "<group>"; };
		81A5BB222765F41300D06817 /* main.m */ = {isa = PBXFileReference; lastKnownFileType = sourcecode.c.objc; path = main.m; sourceTree = "<group>"; };
		81A5BB282765F41300D06817 /* NativeDemoTests.xctest */ = {isa = PBXFileReference; explicitFileType = wrapper.cfbundle; includeInIndex = 0; path = NativeDemoTests.xctest; sourceTree = BUILT_PRODUCTS_DIR; };
		81A5BB2C2765F41300D06817 /* NativeDemoTests.m */ = {isa = PBXFileReference; lastKnownFileType = sourcecode.c.objc; path = NativeDemoTests.m; sourceTree = "<group>"; };
		81A5BB322765F41300D06817 /* NativeDemoUITests.xctest */ = {isa = PBXFileReference; explicitFileType = wrapper.cfbundle; includeInIndex = 0; path = NativeDemoUITests.xctest; sourceTree = BUILT_PRODUCTS_DIR; };
		81A5BB362765F41300D06817 /* NativeDemoUITests.m */ = {isa = PBXFileReference; lastKnownFileType = sourcecode.c.objc; path = NativeDemoUITests.m; sourceTree = "<group>"; };
		81A5BB382765F41300D06817 /* NativeDemoUITestsLaunchTests.m */ = {isa = PBXFileReference; lastKnownFileType = sourcecode.c.objc; path = NativeDemoUITestsLaunchTests.m; sourceTree = "<group>"; };
/* End PBXFileReference section */

/* Begin PBXFrameworksBuildPhase section */
		81A5BB0A2765F41300D06817 /* Frameworks */ = {
			isa = PBXFrameworksBuildPhase;
			buildActionMask = 2147483647;
			files = (
			);
			runOnlyForDeploymentPostprocessing = 0;
		};
		81A5BB252765F41300D06817 /* Frameworks */ = {
			isa = PBXFrameworksBuildPhase;
			buildActionMask = 2147483647;
			files = (
			);
			runOnlyForDeploymentPostprocessing = 0;
		};
		81A5BB2F2765F41300D06817 /* Frameworks */ = {
			isa = PBXFrameworksBuildPhase;
			buildActionMask = 2147483647;
			files = (
			);
			runOnlyForDeploymentPostprocessing = 0;
		};
/* End PBXFrameworksBuildPhase section */

/* Begin PBXGroup section */
		81A5BB042765F41300D06817 = {
			isa = PBXGroup;
			children = (
				81A5BB0F2765F41300D06817 /* NativeDemo */,
				81A5BB2B2765F41300D06817 /* NativeDemoTests */,
				81A5BB352765F41300D06817 /* NativeDemoUITests */,
				81A5BB0E2765F41300D06817 /* Products */,
			);
			sourceTree = "<group>";
		};
		81A5BB0E2765F41300D06817 /* Products */ = {
			isa = PBXGroup;
			children = (
				81A5BB0D2765F41300D06817 /* NativeDemo.app */,
				81A5BB282765F41300D06817 /* NativeDemoTests.xctest */,
				81A5BB322765F41300D06817 /* NativeDemoUITests.xctest */,
			);
			name = Products;
			sourceTree = "<group>";
		};
		81A5BB0F2765F41300D06817 /* NativeDemo */ = {
			isa = PBXGroup;
			children = (
				81A5BB102765F41300D06817 /* AppDelegate.h */,
				81A5BB112765F41300D06817 /* AppDelegate.m */,
				81A5BB132765F41300D06817 /* SceneDelegate.h */,
				81A5BB142765F41300D06817 /* SceneDelegate.m */,
				81A5BB162765F41300D06817 /* ViewController.h */,
				81A5BB172765F41300D06817 /* ViewController.m */,
				81A5BB192765F41300D06817 /* Main.storyboard */,
				81A5BB1C2765F41300D06817 /* Assets.xcassets */,
				81A5BB1E2765F41300D06817 /* LaunchScreen.storyboard */,
				81A5BB212765F41300D06817 /* Info.plist */,
				81A5BB222765F41300D06817 /* main.m */,
			);
			path = NativeDemo;
			sourceTree = "<group>";
		};
		81A5BB2B2765F41300D06817 /* NativeDemoTests */ = {
			isa = PBXGroup;
			children = (
				81A5BB2C2765F41300D06817 /* NativeDemoTests.m */,
			);
			path = NativeDemoTests;
			sourceTree = "<group>";
		};
		81A5BB352765F41300D06817 /* NativeDemoUITests */ = {
			isa = PBXGroup;
			children = (
				81A5BB362765F41300D06817 /* NativeDemoUITests.m */,
				81A5BB382765F41300D06817 /* NativeDemoUITestsLaunchTests.m */,
			);
			path = NativeDemoUITests;
			sourceTree = "<group>";
		};
/* End PBXGroup section */

/* Begin PBXNativeTarget section */
		81A5BB0C2765F41300D06817 /* NativeDemo */ = {
			isa = PBXNativeTarget;
			buildConfigurationList = 81A5BB3C2765F41300D06817 /* Build configuration list for PBXNativeTarget "NativeDemo" */;
			buildPhases = (
				81A5BB092765F41300D06817 /* Sources */,
				81A5BB0A2765F41300D06817 /* Frameworks */,
				81A5BB0B2765F41300D06817 /* Resources */,
			);
			buildRules = (
			);
			dependencies = (
			);
			name = NativeDemo;
			productName = NativeDemo;
			productReference = 81A5BB0D2765F41300D06817 /* NativeDemo.app */;
			productType = "com.apple.product-type.application";
		};
		81A5BB272765F41300D06817 /* NativeDemoTests */ = {
			isa = PBXNativeTarget;
			buildConfigurationList = 81A5BB3F2765F41300D06817 /* Build configuration list for PBXNativeTarget "NativeDemoTests" */;
			buildPhases = (
				81A5BB242765F41300D06817 /* Sources */,
				81A5BB252765F41300D06817 /* Frameworks */,
				81A5BB262765F41300D06817 /* Resources */,
			);
			buildRules = (
			);
			dependencies = (
				81A5BB2A2765F41300D06817 /* PBXTargetDependency */,
			);
			name = NativeDemoTests;
			productName = NativeDemoTests;
			productReference = 81A5BB282765F41300D06817 /* NativeDemoTests.xctest */;
			productType = "com.apple.product-type.bundle.unit-test";
		};
		81A5BB312765F41300D06817 /* NativeDemoUITests */ = {
			isa = PBXNativeTarget;
			buildConfigurationList = 81A5BB422765F41300D06817 /* Build configuration list for PBXNativeTarget "NativeDemoUITests" */;
			buildPhases = (
				81A5BB2E2765F41300D06817 /* Sources */,
				81A5BB2F2765F41300D06817 /* Frameworks */,
				81A5BB302765F41300D06817 /* Resources */,
			);
			buildRules = (
			);
			dependencies = (
				81A5BB342765F41300D06817 /* PBXTargetDependency */,
			);
			name = NativeDemoUITests;
			productName = NativeDemoUITests;
			productReference = 81A5BB322765F41300D06817 /* NativeDemoUITests.xctest */;
			productType = "com.apple.product-type.bundle.ui-testing";
		};
/* End PBXNativeTarget section */

/* Begin PBXProject section */
		81A5BB052765F41300D06817 /* Project object */ = {
			isa = PBXProject;
			attributes = {
				BuildIndependentTargetsInParallel = 1;
				LastUpgradeCheck = 1300;
				TargetAttributes = {
					81A5BB0C2765F41300D06817 = {
						CreatedOnToolsVersion = 13.0;
					};
					81A5BB272765F41300D06817 = {
						CreatedOnToolsVersion = 13.0;
						TestTargetID = 81A5BB0C2765F41300D06817;
					};
					81A5BB312765F41300D06817 = {
						CreatedOnToolsVersion = 13.0;
						TestTargetID = 81A5BB0C2765F41300D06817;
					};
				};
			};
			buildConfigurationList = 81A5BB082765F41300D06817 /* Build configuration list for PBXProject "NativeDemo" */;
			compatibilityVersion = "Xcode 13.0";
			developmentRegion = en;
			hasScannedForEncodings = 0;
			knownRegions = (
				en,
				Base,
			);
			mainGroup = 81A5BB042765F41300D06817;
			productRefGroup = 81A5BB0E2765F41300D06817 /* Products */;
			projectDirPath = "";
			projectRoot = "";
			targets = (
				81A5BB0C2765F41300D06817 /* NativeDemo */,
				81A5BB272765F41300D06817 /* NativeDemoTests */,
				81A5BB312765F41300D06817 /* NativeDemoUITests */,
			);
		};
/* End PBXProject section */

/* Begin PBXResourcesBuildPhase section */
		81A5BB0B2765F41300D06817 /* Resources */ = {
			isa = PBXResourcesBuildPhase;
			buildActionMask = 2147483647;
			files = (
				81A5BB202765F41300D06817 /* LaunchScreen.storyboard in Resources */,
				81A5BB1D2765F41300D06817 /* Assets.xcassets in Resources */,
				81A5BB1B2765F41300D06817 /* Main.storyboard in Resources */,
			);
			runOnlyForDeploymentPostprocessing = 0;
		};
		81A5BB262765F41300D06817 /* Resources */ = {
			isa = PBXResourcesBuildPhase;
			buildActionMask = 2147483647;
			files = (
			);
			runOnlyForDeploymentPostprocessing = 0;
		};
		81A5BB302765F41300D06817 /* Resources */ = {
			isa = PBXResourcesBuildPhase;
			buildActionMask = 2147483647;
			files = (
			);
			runOnlyForDeploymentPostprocessing = 0;
		};
/* End PBXResourcesBuildPhase section */

/* Begin PBXSourcesBuildPhase section */
		81A5BB092765F41300D06817 /* Sources */ = {
			isa = PBXSourcesBuildPhase;
			buildActionMask = 2147483647;
			files = (
				81A5BB182765F41300D06817 /* ViewController.m in Sources */,
				81A5BB122765F41300D06817 /* AppDelegate.m in Sources */,
				81A5BB232765F41300D06817 /* main.m in Sources */,
				81A5BB152765F41300D06817 /* SceneDelegate.m in Sources */,
			);
			runOnlyForDeploymentPostprocessing = 0;
		};
		81A5BB242765F41300D06817 /* Sources */ = {
			isa = PBXSourcesBuildPhase;
			buildActionMask = 2147483647;
			files = (
				81A5BB2D2765F41300D06817 /* NativeDemoTests.m in Sources */,
			);
			runOnlyForDeploymentPostprocessing = 0;
		};
		81A5BB2E2765F41300D06817 /* Sources */ = {
			isa = PBXSourcesBuildPhase;
			buildActionMask = 2147483647;
			files = (
				81A5BB392765F41300D06817 /* NativeDemoUITestsLaunchTests.m in Sources */,
				81A5BB372765F41300D06817 /* NativeDemoUITests.m in Sources */,
			);
			runOnlyForDeploymentPostprocessing = 0;
		};
/* End PBXSourcesBuildPhase section */

/* Begin PBXTargetDependency section */
		81A5BB2A2765F41300D06817 /* PBXTargetDependency */ = {
			isa = PBXTargetDependency;
			target = 81A5BB0C2765F41300D06817 /* NativeDemo */;
			targetProxy = 81A5BB292765F41300D06817 /* PBXContainerItemProxy */;
		};
		81A5BB342765F41300D06817 /* PBXTargetDependency */ = {
			isa = PBXTargetDependency;
			target = 81A5BB0C2765F41300D06817 /* NativeDemo */;
			targetProxy = 81A5BB332765F41300D06817 /* PBXContainerItemProxy */;
		};
/* End PBXTargetDependency section */

/* Begin PBXVariantGroup section */
		81A5BB192765F41300D06817 /* Main.storyboard */ = {
			isa = PBXVariantGroup;
			children = (
				81A5BB1A2765F41300D06817 /* Base */,
			);
			name = Main.storyboard;
			sourceTree = "<group>";
		};
		81A5BB1E2765F41300D06817 /* LaunchScreen.storyboard */ = {
			isa = PBXVariantGroup;
			children = (
				81A5BB1F2765F41300D06817 /* Base */,
			);
			name = LaunchScreen.storyboard;
			sourceTree = "<group>";
		};
/* End PBXVariantGroup section */

/* Begin XCBuildConfiguration section */
		81A5BB3A2765F41300D06817 /* Debug */ = {
			isa = XCBuildConfiguration;
			buildSettings = {
				ALWAYS_SEARCH_USER_PATHS = NO;
				CLANG_ANALYZER_NONNULL = YES;
				CLANG_ANALYZER_NUMBER_OBJECT_CONVERSION = YES_AGGRESSIVE;
				CLANG_CXX_LANGUAGE_STANDARD = "gnu++17";
				CLANG_CXX_LIBRARY = "libc++";
				CLANG_ENABLE_MODULES = YES;
				CLANG_ENABLE_OBJC_ARC = YES;
				CLANG_ENABLE_OBJC_WEAK = YES;
				CLANG_WARN_BLOCK_CAPTURE_AUTORELEASING = YES;
				CLANG_WARN_BOOL_CONVERSION = YES;
				CLANG_WARN_COMMA = YES;
				CLANG_WARN_CONSTANT_CONVERSION = YES;
				CLANG_WARN_DEPRECATED_OBJC_IMPLEMENTATIONS = YES;
				CLANG_WARN_DIRECT_OBJC_ISA_USAGE = YES_ERROR;
				CLANG_WARN_DOCUMENTATION_COMMENTS = YES;
				CLANG_WARN_EMPTY_BODY = YES;
				CLANG_WARN_ENUM_CONVERSION = YES;
				CLANG_WARN_INFINITE_RECURSION = YES;
				CLANG_WARN_INT_CONVERSION = YES;
				CLANG_WARN_NON_LITERAL_NULL_CONVERSION = YES;
				CLANG_WARN_OBJC_IMPLICIT_RETAIN_SELF = YES;
				CLANG_WARN_OBJC_LITERAL_CONVERSION = YES;
				CLANG_WARN_OBJC_ROOT_CLASS = YES_ERROR;
				CLANG_WARN_QUOTED_INCLUDE_IN_FRAMEWORK_HEADER = YES;
				CLANG_WARN_RANGE_LOOP_ANALYSIS = YES;
				CLANG_WARN_STRICT_PROTOTYPES = YES;
				CLANG_WARN_SUSPICIOUS_MOVE = YES;
				CLANG_WARN_UNGUARDED_AVAILABILITY = YES_AGGRESSIVE;
				CLANG_WARN_UNREACHABLE_CODE = YES;
				CLANG_WARN__DUPLICATE_METHOD_MATCH = YES;
				COPY_PHASE_STRIP = NO;
				DEBUG_INFORMATION_FORMAT = dwarf;
				ENABLE_STRICT_OBJC_MSGSEND = YES;
				ENABLE_TESTABILITY = YES;
				GCC_C_LANGUAGE_STANDARD = gnu11;
				GCC_DYNAMIC_NO_PIC = NO;
				GCC_NO_COMMON_BLOCKS = YES;
				GCC_OPTIMIZATION_LEVEL = 0;
				GCC_PREPROCESSOR_DEFINITIONS = (
					"DEBUG=1",
					"$(inherited)",
				);
				GCC_WARN_64_TO_32_BIT_CONVERSION = YES;
				GCC_WARN_ABOUT_RETURN_TYPE = YES_ERROR;
				GCC_WARN_UNDECLARED_SELECTOR = YES;
				GCC_WARN_UNINITIALIZED_AUTOS = YES_AGGRESSIVE;
				GCC_WARN_UNUSED_FUNCTION = YES;
				GCC_WARN_UNUSED_VARIABLE = YES;
				IPHONEOS_DEPLOYMENT_TARGET = 15.0;
				MTL_ENABLE_DEBUG_INFO = INCLUDE_SOURCE;
				MTL_FAST_MATH = YES;
				ONLY_ACTIVE_ARCH = YES;
				SDKROOT = iphoneos;
			};
			name = Debug;
		};
		81A5BB3B2765F41300D06817 /* Release */ = {
			isa = XCBuildConfiguration;
			buildSettings = {
				ALWAYS_SEARCH_USER_PATHS = NO;
				CLANG_ANALYZER_NONNULL = YES;
				CLANG_ANALYZER_NUMBER_OBJECT_CONVERSION = YES_AGGRESSIVE;
				CLANG_CXX_LANGUAGE_STANDARD = "gnu++17";
				CLANG_CXX_LIBRARY = "libc++";
				CLANG_ENABLE_MODULES = YES;
				CLANG_ENABLE_OBJC_ARC = YES;
				CLANG_ENABLE_OBJC_WEAK = YES;
				CLANG_WARN_BLOCK_CAPTURE_AUTORELEASING = YES;
				CLANG_WARN_BOOL_CONVERSION = YES;
				CLANG_WARN_COMMA = YES;
				CLANG_WARN_CONSTANT_CONVERSION = YES;
				CLANG_WARN_DEPRECATED_OBJC_IMPLEMENTATIONS = YES;
				CLANG_WARN_DIRECT_OBJC_ISA_USAGE = YES_ERROR;
				CLANG_WARN_DOCUMENTATION_COMMENTS = YES;
				CLANG_WARN_EMPTY_BODY = YES;
				CLANG_WARN_ENUM_CONVERSION = YES;
				CLANG_WARN_INFINITE_RECURSION = YES;
				CLANG_WARN_INT_CONVERSION = YES;
				CLANG_WARN_NON_LITERAL_NULL_CONVERSION = YES;
				CLANG_WARN_OBJC_IMPLICIT_RETAIN_SELF = YES;
				CLANG_WARN_OBJC_LITERAL_CONVERSION = YES;
				CLANG_WARN_OBJC_ROOT_CLASS = YES_ERROR;
				CLANG_WARN_QUOTED_INCLUDE_IN_FRAMEWORK_HEADER = YES;
				CLANG_WARN_RANGE_LOOP_ANALYSIS = YES;
				CLANG_WARN_STRICT_PROTOTYPES = YES;
				CLANG_WARN_SUSPICIOUS_MOVE = YES;
				CLANG_WARN_UNGUARDED_AVAILABILITY = YES_AGGRESSIVE;
				CLANG_WARN_UNREACHABLE_CODE = YES;
				CLANG_WARN__DUPLICATE_METHOD_MATCH = YES;
				COPY_PHASE_STRIP = NO;
				DEBUG_INFORMATION_FORMAT = "dwarf-with-dsym";
				ENABLE_NS_ASSERTIONS = NO;
				ENABLE_STRICT_OBJC_MSGSEND = YES;
				GCC_C_LANGUAGE_STANDARD = gnu11;
				GCC_NO_COMMON_BLOCKS = YES;
				GCC_WARN_64_TO_32_BIT_CONVERSION = YES;
				GCC_WARN_ABOUT_RETURN_TYPE = YES_ERROR;
				GCC_WARN_UNDECLARED_SELECTOR = YES;
				GCC_WARN_UNINITIALIZED_AUTOS = YES_AGGRESSIVE;
				GCC_WARN_UNUSED_FUNCTION = YES;
				GCC_WARN_UNUSED_VARIABLE = YES;
				IPHONEOS_DEPLOYMENT_TARGET = 15.0;
				MTL_ENABLE_DEBUG_INFO = NO;
				MTL_FAST_MATH = YES;
				SDKROOT = iphoneos;
				VALIDATE_PRODUCT = YES;
			};
			name = Release;
		};
		81A5BB3D2765F41300D06817 /* Debug */ = {
			isa = XCBuildConfiguration;
			buildSettings = {
				ASSETCATALOG_COMPILER_APPICON_NAME = AppIcon;
				ASSETCATALOG_COMPILER_GLOBAL_ACCENT_COLOR_NAME = AccentColor;
				CODE_SIGN_STYLE = Automatic;
				CURRENT_PROJECT_VERSION = 1;
				GENERATE_INFOPLIST_FILE = YES;
				INFOPLIST_FILE = NativeDemo/Info.plist;
				INFOPLIST_KEY_UIApplicationSupportsIndirectInputEvents = YES;
				INFOPLIST_KEY_UILaunchStoryboardName = LaunchScreen;
				INFOPLIST_KEY_UIMainStoryboardFile = Main;
				INFOPLIST_KEY_UISupportedInterfaceOrientations_iPad = "UIInterfaceOrientationPortrait UIInterfaceOrientationPortraitUpsideDown UIInterfaceOrientationLandscapeLeft UIInterfaceOrientationLandscapeRight";
				INFOPLIST_KEY_UISupportedInterfaceOrientations_iPhone = "UIInterfaceOrientationPortrait UIInterfaceOrientationLandscapeLeft UIInterfaceOrientationLandscapeRight";
				LD_RUNPATH_SEARCH_PATHS = (
					"$(inherited)",
					"@executable_path/Frameworks",
				);
				MARKETING_VERSION = 1.0;
				PRODUCT_BUNDLE_IDENTIFIER = "-------.NativeDemo";
				PRODUCT_NAME = "$(TARGET_NAME)";
				SWIFT_EMIT_LOC_STRINGS = YES;
				TARGETED_DEVICE_FAMILY = "1,2";
			};
			name = Debug;
		};
		81A5BB3E2765F41300D06817 /* Release */ = {
			isa = XCBuildConfiguration;
			buildSettings = {
				ASSETCATALOG_COMPILER_APPICON_NAME = AppIcon;
				ASSETCATALOG_COMPILER_GLOBAL_ACCENT_COLOR_NAME = AccentColor;
				CODE_SIGN_STYLE = Automatic;
				CURRENT_PROJECT_VERSION = 1;
				GENERATE_INFOPLIST_FILE = YES;
				INFOPLIST_FILE = NativeDemo/Info.plist;
				INFOPLIST_KEY_UIApplicationSupportsIndirectInputEvents = YES;
				INFOPLIST_KEY_UILaunchStoryboardName = LaunchScreen;
				INFOPLIST_KEY_UIMainStoryboardFile = Main;
				INFOPLIST_KEY_UISupportedInterfaceOrientations_iPad = "UIInterfaceOrientationPortrait UIInterfaceOrientationPortraitUpsideDown UIInterfaceOrientationLandscapeLeft UIInterfaceOrientationLandscapeRight";
				INFOPLIST_KEY_UISupportedInterfaceOrientations_iPhone = "UIInterfaceOrientationPortrait UIInterfaceOrientationLandscapeLeft UIInterfaceOrientationLandscapeRight";
				LD_RUNPATH_SEARCH_PATHS = (
					"$(inherited)",
					"@executable_path/Frameworks",
				);
				MARKETING_VERSION = 1.0;
				PRODUCT_BUNDLE_IDENTIFIER = "-------.NativeDemo";
				PRODUCT_NAME = "$(TARGET_NAME)";
				SWIFT_EMIT_LOC_STRINGS = YES;
				TARGETED_DEVICE_FAMILY = "1,2";
			};
			name = Release;
		};
		81A5BB402765F41300D06817 /* Debug */ = {
			isa = XCBuildConfiguration;
			buildSettings = {
				BUNDLE_LOADER = "$(TEST_HOST)";
				CODE_SIGN_STYLE = Automatic;
				CURRENT_PROJECT_VERSION = 1;
				GENERATE_INFOPLIST_FILE = YES;
				IPHONEOS_DEPLOYMENT_TARGET = 15.0;
				LD_RUNPATH_SEARCH_PATHS = (
					"$(inherited)",
					"@executable_path/Frameworks",
					"@loader_path/Frameworks",
				);
				MARKETING_VERSION = 1.0;
				PRODUCT_BUNDLE_IDENTIFIER = "-------.NativeDemoTests";
				PRODUCT_NAME = "$(TARGET_NAME)";
				SWIFT_EMIT_LOC_STRINGS = NO;
				TARGETED_DEVICE_FAMILY = "1,2";
				TEST_HOST = "$(BUILT_PRODUCTS_DIR)/NativeDemo.app/NativeDemo";
			};
			name = Debug;
		};
		81A5BB412765F41300D06817 /* Release */ = {
			isa = XCBuildConfiguration;
			buildSettings = {
				BUNDLE_LOADER = "$(TEST_HOST)";
				CODE_SIGN_STYLE = Automatic;
				CURRENT_PROJECT_VERSION = 1;
				GENERATE_INFOPLIST_FILE = YES;
				IPHONEOS_DEPLOYMENT_TARGET = 15.0;
				LD_RUNPATH_SEARCH_PATHS = (
					"$(inherited)",
					"@executable_path/Frameworks",
					"@loader_path/Frameworks",
				);
				MARKETING_VERSION = 1.0;
				PRODUCT_BUNDLE_IDENTIFIER = "-------.NativeDemoTests";
				PRODUCT_NAME = "$(TARGET_NAME)";
				SWIFT_EMIT_LOC_STRINGS = NO;
				TARGETED_DEVICE_FAMILY = "1,2";
				TEST_HOST = "$(BUILT_PRODUCTS_DIR)/NativeDemo.app/NativeDemo";
			};
			name = Release;
		};
		81A5BB432765F41300D06817 /* Debug */ = {
			isa = XCBuildConfiguration;
			buildSettings = {
				CODE_SIGN_STYLE = Automatic;
				CURRENT_PROJECT_VERSION = 1;
				GENERATE_INFOPLIST_FILE = YES;
				LD_RUNPATH_SEARCH_PATHS = (
					"$(inherited)",
					"@executable_path/Frameworks",
					"@loader_path/Frameworks",
				);
				MARKETING_VERSION = 1.0;
				PRODUCT_BUNDLE_IDENTIFIER = "-------.NativeDemoUITests";
				PRODUCT_NAME = "$(TARGET_NAME)";
				SWIFT_EMIT_LOC_STRINGS = NO;
				TARGETED_DEVICE_FAMILY = "1,2";
				TEST_TARGET_NAME = NativeDemo;
			};
			name = Debug;
		};
		81A5BB442765F41300D06817 /* Release */ = {
			isa = XCBuildConfiguration;
			buildSettings = {
				CODE_SIGN_STYLE = Automatic;
				CURRENT_PROJECT_VERSION = 1;
				GENERATE_INFOPLIST_FILE = YES;
				LD_RUNPATH_SEARCH_PATHS = (
					"$(inherited)",
					"@executable_path/Frameworks",
					"@loader_path/Frameworks",
				);
				MARKETING_VERSION = 1.0;
				PRODUCT_BUNDLE_IDENTIFIER = "-------.NativeDemoUITests";
				PRODUCT_NAME = "$(TARGET_NAME)";
				SWIFT_EMIT_LOC_STRINGS = NO;
				TARGETED_DEVICE_FAMILY = "1,2";
				TEST_TARGET_NAME = NativeDemo;
			};
			name = Release;
		};
/* End XCBuildConfiguration section */

/* Begin XCConfigurationList section */
		81A5BB082765F41300D06817 /* Build configuration list for PBXProject "NativeDemo" */ = {
			isa = XCConfigurationList;
			buildConfigurations = (
				81A5BB3A2765F41300D06817 /* Debug */,
				81A5BB3B2765F41300D06817 /* Release */,
			);
			defaultConfigurationIsVisible = 0;
			defaultConfigurationName = Release;
		};
		81A5BB3C2765F41300D06817 /* Build configuration list for PBXNativeTarget "NativeDemo" */ = {
			isa = XCConfigurationList;
			buildConfigurations = (
				81A5BB3D2765F41300D06817 /* Debug */,
				81A5BB3E2765F41300D06817 /* Release */,
			);
			defaultConfigurationIsVisible = 0;
			defaultConfigurationName = Release;
		};
		81A5BB3F2765F41300D06817 /* Build configuration list for PBXNativeTarget "NativeDemoTests" */ = {
			isa = XCConfigurationList;
			buildConfigurations = (
				81A5BB402765F41300D06817 /* Debug */,
				81A5BB412765F41300D06817 /* Release */,
			);
			defaultConfigurationIsVisible = 0;
			defaultConfigurationName = Release;
		};
		81A5BB422765F41300D06817 /* Build configuration list for PBXNativeTarget "NativeDemoUITests" */ = {
			isa = XCConfigurationList;
			buildConfigurations = (
				81A5BB432765F41300D06817 /* Debug */,
				81A5BB442765F41300D06817 /* Release */,
			);
			defaultConfigurationIsVisible = 0;
			defaultConfigurationName = Release;
		};
/* End XCConfigurationList section */
	};
	rootObject = 81A5BB052765F41300D06817 /* Project object */;
}
