PODS:
  - Flutter (2.5.300)

DEPENDENCIES:
  - Flutter (from `Flutter/Debug/Flutter.podspec`)

EXTERNAL SOURCES:
  Flutter:
    :podspec: Flutter/Debug/Flutter.podspec

SPEC CHECKSUMS:
  Flutter: 562b84027ec0acae5b2e05a73d1d7f04ac8b22c8

PODFILE CHECKSUM: f24390a0d5789d7298bd441c577124830970c356

COCOAPODS: 1.10.1
